
Microsoft Visual Studio Solution File, Format Version 12.00
# Visual Studio 15
VisualStudioVersion = 15.0.27703.2035
MinimumVisualStudioVersion = 10.0.40219.1
Project("{FAE04EC0-301F-11D3-BF4B-00C04F79EFBC}") = "BizRulez", "BizRulez.csproj", "{034ED23C-4209-47F2-BD3A-BB67A466CC1E}"
EndProject
Global
	GlobalSection(SolutionConfigurationPlatforms) = preSolution
		Debug|Any CPU = Debug|Any CPU
		Release|Any CPU = Release|Any CPU
	EndGlobalSection
	GlobalSection(ProjectConfigurationPlatforms) = postSolution
		{034ED23C-4209-47F2-BD3A-BB67A466CC1E}.Debug|Any CPU.ActiveCfg = Debug|Any CPU
		{034ED23C-4209-47F2-BD3A-BB67A466CC1E}.Debug|Any CPU.Build.0 = Debug|Any CPU
		{034ED23C-4209-47F2-BD3A-BB67A466CC1E}.Release|Any CPU.ActiveCfg = Release|Any CPU
		{034ED23C-4209-47F2-BD3A-BB67A466CC1E}.Release|Any CPU.Build.0 = Release|Any CPU
	EndGlobalSection
	GlobalSection(SolutionProperties) = preSolution
		HideSolutionNode = FALSE
	EndGlobalSection
	GlobalSection(ExtensibilityGlobals) = postSolution
		SolutionGuid = {843EB53F-3772-4B39-9FF8-1B7EC211CE1D}
	EndGlobalSection
EndGlobal
